// !$*UTF8*$!
{
	archiveVersion = 1;
	classes = {
	};
	objectVersion = 55;
	objects = {

/* Begin PBXBuildFile section */
		9E0E396D27906EDF0006ABE8 /* protocol.swift in Sources */ = {isa = PBXBuildFile; fileRef = 9E0E396C27906EDF0006ABE8 /* protocol.swift */; };
		9E0E396F27907F8B0006ABE8 /* GDNewItemPopUp.swift in Sources */ = {isa = PBXBuildFile; fileRef = 9E0E396E27907F8B0006ABE8 /* GDNewItemPopUp.swift */; };
		9E0E39712790DE4D0006ABE8 /* GDTextField.swift in Sources */ = {isa = PBXBuildFile; fileRef = 9E0E39702790DE4D0006ABE8 /* GDTextField.swift */; };
		9E24F00E279970880056C81E /* GDNavigationController.swift in Sources */ = {isa = PBXBuildFile; fileRef = 9E24F00D279970880056C81E /* GDNavigationController.swift */; };
		9E7A471E278F7B2000B841FB /* optionset.swift in Sources */ = {isa = PBXBuildFile; fileRef = 9E7A471D278F7B2000B841FB /* optionset.swift */; };
		9E7C0224278362B30038C49D /* GDGradient.swift in Sources */ = {isa = PBXBuildFile; fileRef = 9E7C0223278362B30038C49D /* GDGradient.swift */; };
		9E7C0227278372060038C49D /* extension.swift in Sources */ = {isa = PBXBuildFile; fileRef = 9E7C0226278372060038C49D /* extension.swift */; };
		9E7C022A27837FBB0038C49D /* GDLabel.swift in Sources */ = {isa = PBXBuildFile; fileRef = 9E7C022927837FBB0038C49D /* GDLabel.swift */; };
		9E8108D927A43F680074150C /* CoreDataManager.swift in Sources */ = {isa = PBXBuildFile; fileRef = 9E8108D827A43F680074150C /* CoreDataManager.swift */; };
		9E9C0ED82795C866008A39E3 /* GDTableView.swift in Sources */ = {isa = PBXBuildFile; fileRef = 9E9C0ED72795C866008A39E3 /* GDTableView.swift */; };
		9EA5FC252797082000009A55 /* GDListCell.swift in Sources */ = {isa = PBXBuildFile; fileRef = 9EA5FC242797082000009A55 /* GDListCell.swift */; };
		9EA5FC2827970ABE00009A55 /* toDo.swift in Sources */ = {isa = PBXBuildFile; fileRef = 9EA5FC2727970ABE00009A55 /* toDo.swift */; };
		9EA5FC2A27972DAA00009A55 /* GDCheckBox.swift in Sources */ = {isa = PBXBuildFile; fileRef = 9EA5FC2927972DAA00009A55 /* GDCheckBox.swift */; };
		9EB5CD70278C97F60084FC88 /* GDHeaderView.swift in Sources */ = {isa = PBXBuildFile; fileRef = 9EB5CD6F278C97F60084FC88 /* GDHeaderView.swift */; };
		9EE53163277B8F1300BA9645 /* AppDelegate.swift in Sources */ = {isa = PBXBuildFile; fileRef = 9EE53162277B8F1300BA9645 /* AppDelegate.swift */; };
		9EE53165277B8F1300BA9645 /* SceneDelegate.swift in Sources */ = {isa = PBXBuildFile; fileRef = 9EE53164277B8F1300BA9645 /* SceneDelegate.swift */; };
		9EE53167277B8F1300BA9645 /* WelcomeController.swift in Sources */ = {isa = PBXBuildFile; fileRef = 9EE53166277B8F1300BA9645 /* WelcomeController.swift */; };
		9EE5316D277B8F1300BA9645 /* GetItDone.xcdatamodeld in Sources */ = {isa = PBXBuildFile; fileRef = 9EE5316B277B8F1300BA9645 /* GetItDone.xcdatamodeld */; };
		9EE5316F277B8F1600BA9645 /* Assets.xcassets in Resources */ = {isa = PBXBuildFile; fileRef = 9EE5316E277B8F1600BA9645 /* Assets.xcassets */; };
		9EE53172277B8F1600BA9645 /* LaunchScreen.storyboard in Resources */ = {isa = PBXBuildFile; fileRef = 9EE53170277B8F1600BA9645 /* LaunchScreen.storyboard */; };
		9EEFE76E2784992F0016FD07 /* Raleway-Regular.ttf in Resources */ = {isa = PBXBuildFile; fileRef = 9EEFE76D2784992F0016FD07 /* Raleway-Regular.ttf */; };
		9EEFE77027849C8F0016FD07 /* Raleway-SemiBold.ttf in Resources */ = {isa = PBXBuildFile; fileRef = 9EEFE76F27849C8F0016FD07 /* Raleway-SemiBold.ttf */; };
		9EEFE7722784A9A60016FD07 /* GDButton.swift in Sources */ = {isa = PBXBuildFile; fileRef = 9EEFE7712784A9A60016FD07 /* GDButton.swift */; };
		9EEFE7742784C0150016FD07 /* ListController.swift in Sources */ = {isa = PBXBuildFile; fileRef = 9EEFE7732784C0140016FD07 /* ListController.swift */; };
/* End PBXBuildFile section */

/* Begin PBXFileReference section */
		9E0E396C27906EDF0006ABE8 /* protocol.swift */ = {isa = PBXFileReference; lastKnownFileType = sourcecode.swift; path = protocol.swift; sourceTree = "<group>"; };
		9E0E396E27907F8B0006ABE8 /* GDNewItemPopUp.swift */ = {isa = PBXFileReference; lastKnownFileType = sourcecode.swift; path = GDNewItemPopUp.swift; sourceTree = "<group>"; };
		9E0E39702790DE4D0006ABE8 /* GDTextField.swift */ = {isa = PBXFileReference; lastKnownFileType = sourcecode.swift; path = GDTextField.swift; sourceTree = "<group>"; };
		9E24F00D279970880056C81E /* GDNavigationController.swift */ = {isa = PBXFileReference; lastKnownFileType = sourcecode.swift; path = GDNavigationController.swift; sourceTree = "<group>"; };
		9E7A471D278F7B2000B841FB /* optionset.swift */ = {isa = PBXFileReference; lastKnownFileType = sourcecode.swift; path = optionset.swift; sourceTree = "<group>"; };
		9E7C0223278362B30038C49D /* GDGradient.swift */ = {isa = PBXFileReference; lastKnownFileType = sourcecode.swift; path = GDGradient.swift; sourceTree = "<group>"; };
		9E7C0226278372060038C49D /* extension.swift */ = {isa = PBXFileReference; lastKnownFileType = sourcecode.swift; path = extension.swift; sourceTree = "<group>"; };
		9E7C022927837FBB0038C49D /* GDLabel.swift */ = {isa = PBXFileReference; lastKnownFileType = sourcecode.swift; path = GDLabel.swift; sourceTree = "<group>"; };
		9E8108D827A43F680074150C /* CoreDataManager.swift */ = {isa = PBXFileReference; lastKnownFileType = sourcecode.swift; path = CoreDataManager.swift; sourceTree = "<group>"; };
		9E9C0ED72795C866008A39E3 /* GDTableView.swift */ = {isa = PBXFileReference; lastKnownFileType = sourcecode.swift; path = GDTableView.swift; sourceTree = "<group>"; };
		9EA5FC242797082000009A55 /* GDListCell.swift */ = {isa = PBXFileReference; lastKnownFileType = sourcecode.swift; path = GDListCell.swift; sourceTree = "<group>"; };
		9EA5FC2727970ABE00009A55 /* toDo.swift */ = {isa = PBXFileReference; lastKnownFileType = sourcecode.swift; path = toDo.swift; sourceTree = "<group>"; };
		9EA5FC2927972DAA00009A55 /* GDCheckBox.swift */ = {isa = PBXFileReference; lastKnownFileType = sourcecode.swift; path = GDCheckBox.swift; sourceTree = "<group>"; };
		9EB5CD6F278C97F60084FC88 /* GDHeaderView.swift */ = {isa = PBXFileReference; lastKnownFileType = sourcecode.swift; path = GDHeaderView.swift; sourceTree = "<group>"; };
		9EE5315F277B8F1300BA9645 /* GetItDone.app */ = {isa = PBXFileReference; explicitFileType = wrapper.application; includeInIndex = 0; path = GetItDone.app; sourceTree = BUILT_PRODUCTS_DIR; };
		9EE53162277B8F1300BA9645 /* AppDelegate.swift */ = {isa = PBXFileReference; lastKnownFileType = sourcecode.swift; path = AppDelegate.swift; sourceTree = "<group>"; };
		9EE53164277B8F1300BA9645 /* SceneDelegate.swift */ = {isa = PBXFileReference; lastKnownFileType = sourcecode.swift; path = SceneDelegate.swift; sourceTree = "<group>"; };
		9EE53166277B8F1300BA9645 /* WelcomeController.swift */ = {isa = PBXFileReference; lastKnownFileType = sourcecode.swift; path = WelcomeController.swift; sourceTree = "<group>"; };
		9EE5316C277B8F1300BA9645 /* GetItDone.xcdatamodel */ = {isa = PBXFileReference; lastKnownFileType = wrapper.xcdatamodel; path = GetItDone.xcdatamodel; sourceTree = "<group>"; };
		9EE5316E277B8F1600BA9645 /* Assets.xcassets */ = {isa = PBXFileReference; lastKnownFileType = folder.assetcatalog; path = Assets.xcassets; sourceTree = "<group>"; };
		9EE53171277B8F1600BA9645 /* Base */ = {isa = PBXFileReference; lastKnownFileType = file.storyboard; name = Base; path = Base.lproj/LaunchScreen.storyboard; sourceTree = "<group>"; };
		9EE53173277B8F1600BA9645 /* Info.plist */ = {isa = PBXFileReference; lastKnownFileType = text.plist.xml; path = Info.plist; sourceTree = "<group>"; };
		9EEFE76D2784992F0016FD07 /* Raleway-Regular.ttf */ = {isa = PBXFileReference; lastKnownFileType = file; path = "Raleway-Regular.ttf"; sourceTree = "<group>"; };
		9EEFE76F27849C8F0016FD07 /* Raleway-SemiBold.ttf */ = {isa = PBXFileReference; lastKnownFileType = file; path = "Raleway-SemiBold.ttf"; sourceTree = "<group>"; };
		9EEFE7712784A9A60016FD07 /* GDButton.swift */ = {isa = PBXFileReference; lastKnownFileType = sourcecode.swift; path = GDButton.swift; sourceTree = "<group>"; };
		9EEFE7732784C0140016FD07 /* ListController.swift */ = {isa = PBXFileReference; lastKnownFileType = sourcecode.swift; path = ListController.swift; sourceTree = "<group>"; };
/* End PBXFileReference section */

/* Begin PBXFrameworksBuildPhase section */
		9EE5315C277B8F1300BA9645 /* Frameworks */ = {
			isa = PBXFrameworksBuildPhase;
			buildActionMask = 2147483647;
			files = (
			);
			runOnlyForDeploymentPostprocessing = 0;
		};
/* End PBXFrameworksBuildPhase section */

/* Begin PBXGroup section */
		9E7C0225278371E70038C49D /* extensions */ = {
			isa = PBXGroup;
			children = (
				9E7C0226278372060038C49D /* extension.swift */,
				9E7A471D278F7B2000B841FB /* optionset.swift */,
				9E0E396C27906EDF0006ABE8 /* protocol.swift */,
			);
			path = extensions;
			sourceTree = "<group>";
		};
		9E7C022827837F9C0038C49D /* custom */ = {
			isa = PBXGroup;
			children = (
				9E7C0223278362B30038C49D /* GDGradient.swift */,
				9E7C022927837FBB0038C49D /* GDLabel.swift */,
				9EEFE7712784A9A60016FD07 /* GDButton.swift */,
				9EB5CD6F278C97F60084FC88 /* GDHeaderView.swift */,
				9E0E396E27907F8B0006ABE8 /* GDNewItemPopUp.swift */,
				9E0E39702790DE4D0006ABE8 /* GDTextField.swift */,
				9E9C0ED72795C866008A39E3 /* GDTableView.swift */,
				9EA5FC242797082000009A55 /* GDListCell.swift */,
				9EA5FC2927972DAA00009A55 /* GDCheckBox.swift */,
			);
			path = custom;
			sourceTree = "<group>";
		};
		9EA5FC2627970A7900009A55 /* Model */ = {
			isa = PBXGroup;
			children = (
				9EA5FC2727970ABE00009A55 /* toDo.swift */,
			);
			path = Model;
			sourceTree = "<group>";
		};
		9EB5CD71278C99830084FC88 /* Controller */ = {
			isa = PBXGroup;
			children = (
				9EE53166277B8F1300BA9645 /* WelcomeController.swift */,
				9EEFE7732784C0140016FD07 /* ListController.swift */,
				9E24F00D279970880056C81E /* GDNavigationController.swift */,
			);
			path = Controller;
			sourceTree = "<group>";
		};
		9EE53156277B8F1300BA9645 = {
			isa = PBXGroup;
			children = (
				9EE53161277B8F1300BA9645 /* GetItDone */,
				9EE53160277B8F1300BA9645 /* Products */,
			);
			sourceTree = "<group>";
		};
		9EE53160277B8F1300BA9645 /* Products */ = {
			isa = PBXGroup;
			children = (
				9EE5315F277B8F1300BA9645 /* GetItDone.app */,
			);
			name = Products;
			sourceTree = "<group>";
		};
		9EE53161277B8F1300BA9645 /* GetItDone */ = {
			isa = PBXGroup;
			children = (
				9E8108D827A43F680074150C /* CoreDataManager.swift */,
				9EA5FC2627970A7900009A55 /* Model */,
				9EE53162277B8F1300BA9645 /* AppDelegate.swift */,
				9EE53164277B8F1300BA9645 /* SceneDelegate.swift */,
				9EEFE76C278496EB0016FD07 /* fonds */,
				9E7C0225278371E70038C49D /* extensions */,
				9E7C022827837F9C0038C49D /* custom */,
				9EB5CD71278C99830084FC88 /* Controller */,
				9EE5316E277B8F1600BA9645 /* Assets.xcassets */,
				9EE53170277B8F1600BA9645 /* LaunchScreen.storyboard */,
				9EE53173277B8F1600BA9645 /* Info.plist */,
				9EE5316B277B8F1300BA9645 /* GetItDone.xcdatamodeld */,
			);
			path = GetItDone;
			sourceTree = "<group>";
		};
		9EEFE76C278496EB0016FD07 /* fonds */ = {
			isa = PBXGroup;
			children = (
				9EEFE76F27849C8F0016FD07 /* Raleway-SemiBold.ttf */,
				9EEFE76D2784992F0016FD07 /* Raleway-Regular.ttf */,
			);
			path = fonds;
			sourceTree = "<group>";
		};
/* End PBXGroup section */

/* Begin PBXNativeTarget section */
		9EE5315E277B8F1300BA9645 /* GetItDone */ = {
			isa = PBXNativeTarget;
			buildConfigurationList = 9EE53176277B8F1600BA9645 /* Build configuration list for PBXNativeTarget "GetItDone" */;
			buildPhases = (
				9EE5315B277B8F1300BA9645 /* Sources */,
				9EE5315C277B8F1300BA9645 /* Frameworks */,
				9EE5315D277B8F1300BA9645 /* Resources */,
			);
			buildRules = (
			);
			dependencies = (
			);
			name = GetItDone;
			productName = GetItDone;
			productReference = 9EE5315F277B8F1300BA9645 /* GetItDone.app */;
			productType = "com.apple.product-type.application";
		};
/* End PBXNativeTarget section */

/* Begin PBXProject section */
		9EE53157277B8F1300BA9645 /* Project object */ = {
			isa = PBXProject;
			attributes = {
				BuildIndependentTargetsInParallel = 1;
				LastSwiftUpdateCheck = 1320;
				LastUpgradeCheck = 1320;
				TargetAttributes = {
					9EE5315E277B8F1300BA9645 = {
						CreatedOnToolsVersion = 13.2.1;
					};
				};
			};
			buildConfigurationList = 9EE5315A277B8F1300BA9645 /* Build configuration list for PBXProject "GetItDone" */;
			compatibilityVersion = "Xcode 13.0";
			developmentRegion = en;
			hasScannedForEncodings = 0;
			knownRegions = (
				en,
				Base,
			);
			mainGroup = 9EE53156277B8F1300BA9645;
			productRefGroup = 9EE53160277B8F1300BA9645 /* Products */;
			projectDirPath = "";
			projectRoot = "";
			targets = (
				9EE5315E277B8F1300BA9645 /* GetItDone */,
			);
		};
/* End PBXProject section */

/* Begin PBXResourcesBuildPhase section */
		9EE5315D277B8F1300BA9645 /* Resources */ = {
			isa = PBXResourcesBuildPhase;
			buildActionMask = 2147483647;
			files = (
				9EE53172277B8F1600BA9645 /* LaunchScreen.storyboard in Resources */,
				9EEFE77027849C8F0016FD07 /* Raleway-SemiBold.ttf in Resources */,
				9EEFE76E2784992F0016FD07 /* Raleway-Regular.ttf in Resources */,
				9EE5316F277B8F1600BA9645 /* Assets.xcassets in Resources */,
			);
			runOnlyForDeploymentPostprocessing = 0;
		};
/* End PBXResourcesBuildPhase section */

/* Begin PBXSourcesBuildPhase section */
		9EE5315B277B8F1300BA9645 /* Sources */ = {
			isa = PBXSourcesBuildPhase;
			buildActionMask = 2147483647;
			files = (
				9EEFE7722784A9A60016FD07 /* GDButton.swift in Sources */,
				9EA5FC2A27972DAA00009A55 /* GDCheckBox.swift in Sources */,
				9E0E396F27907F8B0006ABE8 /* GDNewItemPopUp.swift in Sources */,
				9EA5FC252797082000009A55 /* GDListCell.swift in Sources */,
				9EE53167277B8F1300BA9645 /* WelcomeController.swift in Sources */,
				9EEFE7742784C0150016FD07 /* ListController.swift in Sources */,
				9E0E39712790DE4D0006ABE8 /* GDTextField.swift in Sources */,
				9EE5316D277B8F1300BA9645 /* GetItDone.xcdatamodeld in Sources */,
				9E24F00E279970880056C81E /* GDNavigationController.swift in Sources */,
				9EB5CD70278C97F60084FC88 /* GDHeaderView.swift in Sources */,
				9EA5FC2827970ABE00009A55 /* toDo.swift in Sources */,
				9E7A471E278F7B2000B841FB /* optionset.swift in Sources */,
				9EE53163277B8F1300BA9645 /* AppDelegate.swift in Sources */,
				9E0E396D27906EDF0006ABE8 /* protocol.swift in Sources */,
				9E7C022A27837FBB0038C49D /* GDLabel.swift in Sources */,
				9E7C0227278372060038C49D /* extension.swift in Sources */,
				9EE53165277B8F1300BA9645 /* SceneDelegate.swift in Sources */,
				9E7C0224278362B30038C49D /* GDGradient.swift in Sources */,
				9E8108D927A43F680074150C /* CoreDataManager.swift in Sources */,
				9E9C0ED82795C866008A39E3 /* GDTableView.swift in Sources */,
			);
			runOnlyForDeploymentPostprocessing = 0;
		};
/* End PBXSourcesBuildPhase section */

/* Begin PBXVariantGroup section */
		9EE53170277B8F1600BA9645 /* LaunchScreen.storyboard */ = {
			isa = PBXVariantGroup;
			children = (
				9EE53171277B8F1600BA9645 /* Base */,
			);
			name = LaunchScreen.storyboard;
			sourceTree = "<group>";
		};
/* End PBXVariantGroup section */

/* Begin XCBuildConfiguration section */
		9EE53174277B8F1600BA9645 /* Debug */ = {
			isa = XCBuildConfiguration;
			buildSettings = {
				ALWAYS_SEARCH_USER_PATHS = NO;
				CLANG_ANALYZER_NONNULL = YES;
				CLANG_ANALYZER_NUMBER_OBJECT_CONVERSION = YES_AGGRESSIVE;
				CLANG_CXX_LANGUAGE_STANDARD = "gnu++17";
				CLANG_CXX_LIBRARY = "libc++";
				CLANG_ENABLE_MODULES = YES;
				CLANG_ENABLE_OBJC_ARC = YES;
				CLANG_ENABLE_OBJC_WEAK = YES;
				CLANG_WARN_BLOCK_CAPTURE_AUTORELEASING = YES;
				CLANG_WARN_BOOL_CONVERSION = YES;
				CLANG_WARN_COMMA = YES;
				CLANG_WARN_CONSTANT_CONVERSION = YES;
				CLANG_WARN_DEPRECATED_OBJC_IMPLEMENTATIONS = YES;
				CLANG_WARN_DIRECT_OBJC_ISA_USAGE = YES_ERROR;
				CLANG_WARN_DOCUMENTATION_COMMENTS = YES;
				CLANG_WARN_EMPTY_BODY = YES;
				CLANG_WARN_ENUM_CONVERSION = YES;
				CLANG_WARN_INFINITE_RECURSION = YES;
				CLANG_WARN_INT_CONVERSION = YES;
				CLANG_WARN_NON_LITERAL_NULL_CONVERSION = YES;
				CLANG_WARN_OBJC_IMPLICIT_RETAIN_SELF = YES;
				CLANG_WARN_OBJC_LITERAL_CONVERSION = YES;
				CLANG_WARN_OBJC_ROOT_CLASS = YES_ERROR;
				CLANG_WARN_QUOTED_INCLUDE_IN_FRAMEWORK_HEADER = YES;
				CLANG_WARN_RANGE_LOOP_ANALYSIS = YES;
				CLANG_WARN_STRICT_PROTOTYPES = YES;
				CLANG_WARN_SUSPICIOUS_MOVE = YES;
				CLANG_WARN_UNGUARDED_AVAILABILITY = YES_AGGRESSIVE;
				CLANG_WARN_UNREACHABLE_CODE = YES;
				CLANG_WARN__DUPLICATE_METHOD_MATCH = YES;
				COPY_PHASE_STRIP = NO;
				DEBUG_INFORMATION_FORMAT = dwarf;
				ENABLE_STRICT_OBJC_MSGSEND = YES;
				ENABLE_TESTABILITY = YES;
				GCC_C_LANGUAGE_STANDARD = gnu11;
				GCC_DYNAMIC_NO_PIC = NO;
				GCC_NO_COMMON_BLOCKS = YES;
				GCC_OPTIMIZATION_LEVEL = 0;
				GCC_PREPROCESSOR_DEFINITIONS = (
					"DEBUG=1",
					"$(inherited)",
				);
				GCC_WARN_64_TO_32_BIT_CONVERSION = YES;
				GCC_WARN_ABOUT_RETURN_TYPE = YES_ERROR;
				GCC_WARN_UNDECLARED_SELECTOR = YES;
				GCC_WARN_UNINITIALIZED_AUTOS = YES_AGGRESSIVE;
				GCC_WARN_UNUSED_FUNCTION = YES;
				GCC_WARN_UNUSED_VARIABLE = YES;
				IPHONEOS_DEPLOYMENT_TARGET = 15.2;
				MTL_ENABLE_DEBUG_INFO = INCLUDE_SOURCE;
				MTL_FAST_MATH = YES;
				ONLY_ACTIVE_ARCH = YES;
				SDKROOT = iphoneos;
				SWIFT_ACTIVE_COMPILATION_CONDITIONS = DEBUG;
				SWIFT_OPTIMIZATION_LEVEL = "-Onone";
			};
			name = Debug;
		};
		9EE53175277B8F1600BA9645 /* Release */ = {
			isa = XCBuildConfiguration;
			buildSettings = {
				ALWAYS_SEARCH_USER_PATHS = NO;
				CLANG_ANALYZER_NONNULL = YES;
				CLANG_ANALYZER_NUMBER_OBJECT_CONVERSION = YES_AGGRESSIVE;
				CLANG_CXX_LANGUAGE_STANDARD = "gnu++17";
				CLANG_CXX_LIBRARY = "libc++";
				CLANG_ENABLE_MODULES = YES;
				CLANG_ENABLE_OBJC_ARC = YES;
				CLANG_ENABLE_OBJC_WEAK = YES;
				CLANG_WARN_BLOCK_CAPTURE_AUTORELEASING = YES;
				CLANG_WARN_BOOL_CONVERSION = YES;
				CLANG_WARN_COMMA = YES;
				CLANG_WARN_CONSTANT_CONVERSION = YES;
				CLANG_WARN_DEPRECATED_OBJC_IMPLEMENTATIONS = YES;
				CLANG_WARN_DIRECT_OBJC_ISA_USAGE = YES_ERROR;
				CLANG_WARN_DOCUMENTATION_COMMENTS = YES;
				CLANG_WARN_EMPTY_BODY = YES;
				CLANG_WARN_ENUM_CONVERSION = YES;
				CLANG_WARN_INFINITE_RECURSION = YES;
				CLANG_WARN_INT_CONVERSION = YES;
				CLANG_WARN_NON_LITERAL_NULL_CONVERSION = YES;
				CLANG_WARN_OBJC_IMPLICIT_RETAIN_SELF = YES;
				CLANG_WARN_OBJC_LITERAL_CONVERSION = YES;
				CLANG_WARN_OBJC_ROOT_CLASS = YES_ERROR;
				CLANG_WARN_QUOTED_INCLUDE_IN_FRAMEWORK_HEADER = YES;
				CLANG_WARN_RANGE_LOOP_ANALYSIS = YES;
				CLANG_WARN_STRICT_PROTOTYPES = YES;
				CLANG_WARN_SUSPICIOUS_MOVE = YES;
				CLANG_WARN_UNGUARDED_AVAILABILITY = YES_AGGRESSIVE;
				CLANG_WARN_UNREACHABLE_CODE = YES;
				CLANG_WARN__DUPLICATE_METHOD_MATCH = YES;
				COPY_PHASE_STRIP = NO;
				DEBUG_INFORMATION_FORMAT = "dwarf-with-dsym";
				ENABLE_NS_ASSERTIONS = NO;
				ENABLE_STRICT_OBJC_MSGSEND = YES;
				GCC_C_LANGUAGE_STANDARD = gnu11;
				GCC_NO_COMMON_BLOCKS = YES;
				GCC_WARN_64_TO_32_BIT_CONVERSION = YES;
				GCC_WARN_ABOUT_RETURN_TYPE = YES_ERROR;
				GCC_WARN_UNDECLARED_SELECTOR = YES;
				GCC_WARN_UNINITIALIZED_AUTOS = YES_AGGRESSIVE;
				GCC_WARN_UNUSED_FUNCTION = YES;
				GCC_WARN_UNUSED_VARIABLE = YES;
				IPHONEOS_DEPLOYMENT_TARGET = 15.2;
				MTL_ENABLE_DEBUG_INFO = NO;
				MTL_FAST_MATH = YES;
				SDKROOT = iphoneos;
				SWIFT_COMPILATION_MODE = wholemodule;
				SWIFT_OPTIMIZATION_LEVEL = "-O";
				VALIDATE_PRODUCT = YES;
			};
			name = Release;
		};
		9EE53177277B8F1600BA9645 /* Debug */ = {
			isa = XCBuildConfiguration;
			buildSettings = {
				ASSETCATALOG_COMPILER_APPICON_NAME = AppIcon;
				ASSETCATALOG_COMPILER_GLOBAL_ACCENT_COLOR_NAME = AccentColor;
				CODE_SIGN_STYLE = Automatic;
				CURRENT_PROJECT_VERSION = 1;
				DEVELOPMENT_TEAM = Y25HCVP446;
				GENERATE_INFOPLIST_FILE = YES;
				INFOPLIST_FILE = GetItDone/Info.plist;
				INFOPLIST_KEY_UIApplicationSupportsIndirectInputEvents = YES;
				INFOPLIST_KEY_UILaunchStoryboardName = LaunchScreen;
				INFOPLIST_KEY_UISupportedInterfaceOrientations_iPad = "UIInterfaceOrientationPortrait UIInterfaceOrientationPortraitUpsideDown UIInterfaceOrientationLandscapeLeft UIInterfaceOrientationLandscapeRight";
				INFOPLIST_KEY_UISupportedInterfaceOrientations_iPhone = "UIInterfaceOrientationPortrait UIInterfaceOrientationLandscapeLeft UIInterfaceOrientationLandscapeRight";
				LD_RUNPATH_SEARCH_PATHS = (
					"$(inherited)",
					"@executable_path/Frameworks",
				);
				MARKETING_VERSION = 1.0;
				PRODUCT_BUNDLE_IDENTIFIER = "de.kombinat-luk.GetItDone";
				PRODUCT_NAME = "$(TARGET_NAME)";
				SWIFT_EMIT_LOC_STRINGS = YES;
				SWIFT_VERSION = 5.0;
				TARGETED_DEVICE_FAMILY = "1,2";
			};
			name = Debug;
		};
		9EE53178277B8F1600BA9645 /* Release */ = {
			isa = XCBuildConfiguration;
			buildSettings = {
				ASSETCATALOG_COMPILER_APPICON_NAME = AppIcon;
				ASSETCATALOG_COMPILER_GLOBAL_ACCENT_COLOR_NAME = AccentColor;
				CODE_SIGN_STYLE = Automatic;
				CURRENT_PROJECT_VERSION = 1;
				DEVELOPMENT_TEAM = Y25HCVP446;
				GENERATE_INFOPLIST_FILE = YES;
				INFOPLIST_FILE = GetItDone/Info.plist;
				INFOPLIST_KEY_UIApplicationSupportsIndirectInputEvents = YES;
				INFOPLIST_KEY_UILaunchStoryboardName = LaunchScreen;
				INFOPLIST_KEY_UISupportedInterfaceOrientations_iPad = "UIInterfaceOrientationPortrait UIInterfaceOrientationPortraitUpsideDown UIInterfaceOrientationLandscapeLeft UIInterfaceOrientationLandscapeRight";
				INFOPLIST_KEY_UISupportedInterfaceOrientations_iPhone = "UIInterfaceOrientationPortrait UIInterfaceOrientationLandscapeLeft UIInterfaceOrientationLandscapeRight";
				LD_RUNPATH_SEARCH_PATHS = (
					"$(inherited)",
					"@executable_path/Frameworks",
				);
				MARKETING_VERSION = 1.0;
				PRODUCT_BUNDLE_IDENTIFIER = "de.kombinat-luk.GetItDone";
				PRODUCT_NAME = "$(TARGET_NAME)";
				SWIFT_EMIT_LOC_STRINGS = YES;
				SWIFT_VERSION = 5.0;
				TARGETED_DEVICE_FAMILY = "1,2";
			};
			name = Release;
		};
/* End XCBuildConfiguration section */

/* Begin XCConfigurationList section */
		9EE5315A277B8F1300BA9645 /* Build configuration list for PBXProject "GetItDone" */ = {
			isa = XCConfigurationList;
			buildConfigurations = (
				9EE53174277B8F1600BA9645 /* Debug */,
				9EE53175277B8F1600BA9645 /* Release */,
			);
			defaultConfigurationIsVisible = 0;
			defaultConfigurationName = Release;
		};
		9EE53176277B8F1600BA9645 /* Build configuration list for PBXNativeTarget "GetItDone" */ = {
			isa = XCConfigurationList;
			buildConfigurations = (
				9EE53177277B8F1600BA9645 /* Debug */,
				9EE53178277B8F1600BA9645 /* Release */,
			);
			defaultConfigurationIsVisible = 0;
			defaultConfigurationName = Release;
		};
/* End XCConfigurationList section */

/* Begin XCVersionGroup section */
		9EE5316B277B8F1300BA9645 /* GetItDone.xcdatamodeld */ = {
			isa = XCVersionGroup;
			children = (
				9EE5316C277B8F1300BA9645 /* GetItDone.xcdatamodel */,
			);
			currentVersion = 9EE5316C277B8F1300BA9645 /* GetItDone.xcdatamodel */;
			path = GetItDone.xcdatamodeld;
			sourceTree = "<group>";
			versionGroupType = wrapper.xcdatamodel;
		};
/* End XCVersionGroup section */
	};
	rootObject = 9EE53157277B8F1300BA9645 /* Project object */;
}
